
Microsoft Visual Studio Solution File, Format Version 12.00
# Visual Studio Version 17
VisualStudioVersion = 17.0.31903.59
MinimumVisualStudioVersion = 10.0.40219.1
Project("{2150E333-8FDC-42A3-9474-1A3956D46DE8}") = "src", "src", "{827E0CD3-B72D-47B6-A68D-7590B98EB39B}"
EndProject
Project("{FAE04EC0-301F-11D3-BF4B-00C04F79EFBC}") = "Adept.Common", "src\Adept.Common\Adept.Common.csproj", "{E7506CC6-0A6C-4C6E-9362-BF01EDB06E36}"
EndProject
Project("{FAE04EC0-301F-11D3-BF4B-00C04F79EFBC}") = "Adept.Core", "src\Adept.Core\Adept.Core.csproj", "{09145AB5-C201-4F77-AF4E-9B6BFA5886D1}"
EndProject
Project("{FAE04EC0-301F-11D3-BF4B-00C04F79EFBC}") = "Adept.Data", "src\Adept.Data\Adept.Data.csproj", "{1E615BE0-8557-44ED-BDD3-6AAA41709A6D}"
EndProject
Project("{FAE04EC0-301F-11D3-BF4B-00C04F79EFBC}") = "Adept.Services", "src\Adept.Services\Adept.Services.csproj", "{7681A3D2-07F9-4245-B6D3-9CDA8261D667}"
EndProject
Project("{FAE04EC0-301F-11D3-BF4B-00C04F79EFBC}") = "Adept.UI", "src\Adept.UI\Adept.UI.csproj", "{16B9EE2C-B58F-4AF4-B15E-87FC0DD670E0}"
EndProject
Project("{2150E333-8FDC-42A3-9474-1A3956D46DE8}") = "tests", "tests", "{0AB3BF05-4346-4AA6-1389-037BE0695223}"
EndProject
Project("{2150E333-8FDC-42A3-9474-1A3956D46DE8}") = "Common", "Common", "{E20385C6-4CD7-5BF4-C007-71E5EE00BC8D}"
EndProject
Project("{FAE04EC0-301F-11D3-BF4B-00C04F79EFBC}") = "Adept.TestUtilities", "tests\Common\Adept.TestUtilities\Adept.TestUtilities.csproj", "{3EE0B874-D4B8-4DFC-A9D5-ABF5872CB317}"
EndProject
Project("{2150E333-8FDC-42A3-9474-1A3956D46DE8}") = "Unit", "Unit", "{9D556B49-86D1-93A7-9596-FFAAB74EC556}"
EndProject
Project("{FAE04EC0-301F-11D3-BF4B-00C04F79EFBC}") = "Adept.Core.Tests", "tests\Unit\Adept.Core.Tests\Adept.Core.Tests.csproj", "{24D1CDBB-E9AD-4B3A-AF6D-3C8A82FC0C2F}"
EndProject
Project("{FAE04EC0-301F-11D3-BF4B-00C04F79EFBC}") = "Adept.Services.Tests", "tests\Unit\Adept.Services.Tests\Adept.Services.Tests.csproj", "{0F3EF6AA-99AE-4729-967F-412182B2D766}"
EndProject
Project("{FAE04EC0-301F-11D3-BF4B-00C04F79EFBC}") = "Adept.Data.Tests", "tests\Unit\Adept.Data.Tests\Adept.Data.Tests.csproj", "{2612A9F9-0D6E-4AF7-90EC-8B799CA0CE7D}"
EndProject
Project("{2150E333-8FDC-42A3-9474-1A3956D46DE8}") = "Integration", "Integration", "{28A6993C-471E-82FE-7D9E-AD3B1EC22BD9}"
EndProject
Project("{FAE04EC0-301F-11D3-BF4B-00C04F79EFBC}") = "Adept.FileSystem.Tests", "tests\Integration\Adept.FileSystem.Tests\Adept.FileSystem.Tests.csproj", "{0C3C592F-B663-46FA-9E84-827E04F04966}"
EndProject
Project("{FAE04EC0-301F-11D3-BF4B-00C04F79EFBC}") = "Adept.Database.Tests", "tests\Integration\Adept.Database.Tests\Adept.Database.Tests.csproj", "{5BF47C7E-8545-4469-BDFB-EA017749F8D2}"
EndProject
Project("{2150E333-8FDC-42A3-9474-1A3956D46DE8}") = "Manual", "Manual", "{8244A64C-39D3-8101-F806-FE82CD668DA0}"
EndProject
Project("{FAE04EC0-301F-11D3-BF4B-00C04F79EFBC}") = "Adept.FileSystem.ManualTests", "tests\Manual\Adept.FileSystem.ManualTests\Adept.FileSystem.ManualTests.csproj", "{B5E70AFC-0304-4736-B922-3F650EAD8EAC}"
EndProject
Project("{FAE04EC0-301F-11D3-BF4B-00C04F79EFBC}") = "Adept.Llm.ManualTests", "tests\Manual\Adept.Llm.ManualTests\Adept.Llm.ManualTests.csproj", "{D3BC8EEB-0C84-4E1E-80DF-1B0AB156FB4E}"
EndProject
Project("{FAE04EC0-301F-11D3-BF4B-00C04F79EFBC}") = "Adept.Calendar.ManualTests", "tests\Manual\Adept.Calendar.ManualTests\Adept.Calendar.ManualTests.csproj", "{1C792DDE-2D76-4D81-870D-80EC2473B24D}"
EndProject
Project("{FAE04EC0-301F-11D3-BF4B-00C04F79EFBC}") = "Adept.GoogleCalendar.ManualTests", "tests\Manual\Adept.GoogleCalendar.ManualTests\Adept.GoogleCalendar.ManualTests.csproj", "{C4207E1E-65FB-43DD-BE4F-836B0B1860F9}"
EndProject
Project("{FAE04EC0-301F-11D3-BF4B-00C04F79EFBC}") = "Adept.Mcp.ManualTests", "tests\Manual\Adept.Mcp.ManualTests\Adept.Mcp.ManualTests.csproj", "{2B2ECC5A-A66D-44B8-8E96-4246073FF898}"
EndProject
Project("{FAE04EC0-301F-11D3-BF4B-00C04F79EFBC}") = "Adept.Puppeteer.ManualTests", "tests\Manual\Adept.Puppeteer.ManualTests\Adept.Puppeteer.ManualTests.csproj", "{4D2F182D-889E-4F8D-B4FD-7EB593C0AF0B}"
EndProject
Global
	GlobalSection(SolutionConfigurationPlatforms) = preSolution
		Debug|Any CPU = Debug|Any CPU
		Debug|x64 = Debug|x64
		Debug|x86 = Debug|x86
		Release|Any CPU = Release|Any CPU
		Release|x64 = Release|x64
		Release|x86 = Release|x86
	EndGlobalSection
	GlobalSection(ProjectConfigurationPlatforms) = postSolution
		{E7506CC6-0A6C-4C6E-9362-BF01EDB06E36}.Debug|Any CPU.ActiveCfg = Debug|Any CPU
		{E7506CC6-0A6C-4C6E-9362-BF01EDB06E36}.Debug|Any CPU.Build.0 = Debug|Any CPU
		{E7506CC6-0A6C-4C6E-9362-BF01EDB06E36}.Debug|x64.ActiveCfg = Debug|Any CPU
		{E7506CC6-0A6C-4C6E-9362-BF01EDB06E36}.Debug|x64.Build.0 = Debug|Any CPU
		{E7506CC6-0A6C-4C6E-9362-BF01EDB06E36}.Debug|x86.ActiveCfg = Debug|Any CPU
		{E7506CC6-0A6C-4C6E-9362-BF01EDB06E36}.Debug|x86.Build.0 = Debug|Any CPU
		{E7506CC6-0A6C-4C6E-9362-BF01EDB06E36}.Release|Any CPU.ActiveCfg = Release|Any CPU
		{E7506CC6-0A6C-4C6E-9362-BF01EDB06E36}.Release|Any CPU.Build.0 = Release|Any CPU
		{E7506CC6-0A6C-4C6E-9362-BF01EDB06E36}.Release|x64.ActiveCfg = Release|Any CPU
		{E7506CC6-0A6C-4C6E-9362-BF01EDB06E36}.Release|x64.Build.0 = Release|Any CPU
		{E7506CC6-0A6C-4C6E-9362-BF01EDB06E36}.Release|x86.ActiveCfg = Release|Any CPU
		{E7506CC6-0A6C-4C6E-9362-BF01EDB06E36}.Release|x86.Build.0 = Release|Any CPU
		{09145AB5-C201-4F77-AF4E-9B6BFA5886D1}.Debug|Any CPU.ActiveCfg = Debug|Any CPU
		{09145AB5-C201-4F77-AF4E-9B6BFA5886D1}.Debug|Any CPU.Build.0 = Debug|Any CPU
		{09145AB5-C201-4F77-AF4E-9B6BFA5886D1}.Debug|x64.ActiveCfg = Debug|Any CPU
		{09145AB5-C201-4F77-AF4E-9B6BFA5886D1}.Debug|x64.Build.0 = Debug|Any CPU
		{09145AB5-C201-4F77-AF4E-9B6BFA5886D1}.Debug|x86.ActiveCfg = Debug|Any CPU
		{09145AB5-C201-4F77-AF4E-9B6BFA5886D1}.Debug|x86.Build.0 = Debug|Any CPU
		{09145AB5-C201-4F77-AF4E-9B6BFA5886D1}.Release|Any CPU.ActiveCfg = Release|Any CPU
		{09145AB5-C201-4F77-AF4E-9B6BFA5886D1}.Release|Any CPU.Build.0 = Release|Any CPU
		{09145AB5-C201-4F77-AF4E-9B6BFA5886D1}.Release|x64.ActiveCfg = Release|Any CPU
		{09145AB5-C201-4F77-AF4E-9B6BFA5886D1}.Release|x64.Build.0 = Release|Any CPU
		{09145AB5-C201-4F77-AF4E-9B6BFA5886D1}.Release|x86.ActiveCfg = Release|Any CPU
		{09145AB5-C201-4F77-AF4E-9B6BFA5886D1}.Release|x86.Build.0 = Release|Any CPU
		{1E615BE0-8557-44ED-BDD3-6AAA41709A6D}.Debug|Any CPU.ActiveCfg = Debug|Any CPU
		{1E615BE0-8557-44ED-BDD3-6AAA41709A6D}.Debug|Any CPU.Build.0 = Debug|Any CPU
		{1E615BE0-8557-44ED-BDD3-6AAA41709A6D}.Debug|x64.ActiveCfg = Debug|Any CPU
		{1E615BE0-8557-44ED-BDD3-6AAA41709A6D}.Debug|x64.Build.0 = Debug|Any CPU
		{1E615BE0-8557-44ED-BDD3-6AAA41709A6D}.Debug|x86.ActiveCfg = Debug|Any CPU
		{1E615BE0-8557-44ED-BDD3-6AAA41709A6D}.Debug|x86.Build.0 = Debug|Any CPU
		{1E615BE0-8557-44ED-BDD3-6AAA41709A6D}.Release|Any CPU.ActiveCfg = Release|Any CPU
		{1E615BE0-8557-44ED-BDD3-6AAA41709A6D}.Release|Any CPU.Build.0 = Release|Any CPU
		{1E615BE0-8557-44ED-BDD3-6AAA41709A6D}.Release|x64.ActiveCfg = Release|Any CPU
		{1E615BE0-8557-44ED-BDD3-6AAA41709A6D}.Release|x64.Build.0 = Release|Any CPU
		{1E615BE0-8557-44ED-BDD3-6AAA41709A6D}.Release|x86.ActiveCfg = Release|Any CPU
		{1E615BE0-8557-44ED-BDD3-6AAA41709A6D}.Release|x86.Build.0 = Release|Any CPU
		{7681A3D2-07F9-4245-B6D3-9CDA8261D667}.Debug|Any CPU.ActiveCfg = Debug|Any CPU
		{7681A3D2-07F9-4245-B6D3-9CDA8261D667}.Debug|Any CPU.Build.0 = Debug|Any CPU
		{7681A3D2-07F9-4245-B6D3-9CDA8261D667}.Debug|x64.ActiveCfg = Debug|Any CPU
		{7681A3D2-07F9-4245-B6D3-9CDA8261D667}.Debug|x64.Build.0 = Debug|Any CPU
		{7681A3D2-07F9-4245-B6D3-9CDA8261D667}.Debug|x86.ActiveCfg = Debug|Any CPU
		{7681A3D2-07F9-4245-B6D3-9CDA8261D667}.Debug|x86.Build.0 = Debug|Any CPU
		{7681A3D2-07F9-4245-B6D3-9CDA8261D667}.Release|Any CPU.ActiveCfg = Release|Any CPU
		{7681A3D2-07F9-4245-B6D3-9CDA8261D667}.Release|Any CPU.Build.0 = Release|Any CPU
		{7681A3D2-07F9-4245-B6D3-9CDA8261D667}.Release|x64.ActiveCfg = Release|Any CPU
		{7681A3D2-07F9-4245-B6D3-9CDA8261D667}.Release|x64.Build.0 = Release|Any CPU
		{7681A3D2-07F9-4245-B6D3-9CDA8261D667}.Release|x86.ActiveCfg = Release|Any CPU
		{7681A3D2-07F9-4245-B6D3-9CDA8261D667}.Release|x86.Build.0 = Release|Any CPU
		{16B9EE2C-B58F-4AF4-B15E-87FC0DD670E0}.Debug|Any CPU.ActiveCfg = Debug|Any CPU
		{16B9EE2C-B58F-4AF4-B15E-87FC0DD670E0}.Debug|Any CPU.Build.0 = Debug|Any CPU
		{16B9EE2C-B58F-4AF4-B15E-87FC0DD670E0}.Debug|x64.ActiveCfg = Debug|Any CPU
		{16B9EE2C-B58F-4AF4-B15E-87FC0DD670E0}.Debug|x64.Build.0 = Debug|Any CPU
		{16B9EE2C-B58F-4AF4-B15E-87FC0DD670E0}.Debug|x86.ActiveCfg = Debug|Any CPU
		{16B9EE2C-B58F-4AF4-B15E-87FC0DD670E0}.Debug|x86.Build.0 = Debug|Any CPU
		{16B9EE2C-B58F-4AF4-B15E-87FC0DD670E0}.Release|Any CPU.ActiveCfg = Release|Any CPU
		{16B9EE2C-B58F-4AF4-B15E-87FC0DD670E0}.Release|Any CPU.Build.0 = Release|Any CPU
		{16B9EE2C-B58F-4AF4-B15E-87FC0DD670E0}.Release|x64.ActiveCfg = Release|Any CPU
		{16B9EE2C-B58F-4AF4-B15E-87FC0DD670E0}.Release|x64.Build.0 = Release|Any CPU
		{16B9EE2C-B58F-4AF4-B15E-87FC0DD670E0}.Release|x86.ActiveCfg = Release|Any CPU
		{16B9EE2C-B58F-4AF4-B15E-87FC0DD670E0}.Release|x86.Build.0 = Release|Any CPU
		{3EE0B874-D4B8-4DFC-A9D5-ABF5872CB317}.Debug|Any CPU.ActiveCfg = Debug|Any CPU
		{3EE0B874-D4B8-4DFC-A9D5-ABF5872CB317}.Debug|Any CPU.Build.0 = Debug|Any CPU
		{3EE0B874-D4B8-4DFC-A9D5-ABF5872CB317}.Debug|x64.ActiveCfg = Debug|Any CPU
		{3EE0B874-D4B8-4DFC-A9D5-ABF5872CB317}.Debug|x64.Build.0 = Debug|Any CPU
		{3EE0B874-D4B8-4DFC-A9D5-ABF5872CB317}.Debug|x86.ActiveCfg = Debug|Any CPU
		{3EE0B874-D4B8-4DFC-A9D5-ABF5872CB317}.Debug|x86.Build.0 = Debug|Any CPU
		{3EE0B874-D4B8-4DFC-A9D5-ABF5872CB317}.Release|Any CPU.ActiveCfg = Release|Any CPU
		{3EE0B874-D4B8-4DFC-A9D5-ABF5872CB317}.Release|Any CPU.Build.0 = Release|Any CPU
		{3EE0B874-D4B8-4DFC-A9D5-ABF5872CB317}.Release|x64.ActiveCfg = Release|Any CPU
		{3EE0B874-D4B8-4DFC-A9D5-ABF5872CB317}.Release|x64.Build.0 = Release|Any CPU
		{3EE0B874-D4B8-4DFC-A9D5-ABF5872CB317}.Release|x86.ActiveCfg = Release|Any CPU
		{3EE0B874-D4B8-4DFC-A9D5-ABF5872CB317}.Release|x86.Build.0 = Release|Any CPU
		{24D1CDBB-E9AD-4B3A-AF6D-3C8A82FC0C2F}.Debug|Any CPU.ActiveCfg = Debug|Any CPU
		{24D1CDBB-E9AD-4B3A-AF6D-3C8A82FC0C2F}.Debug|Any CPU.Build.0 = Debug|Any CPU
		{24D1CDBB-E9AD-4B3A-AF6D-3C8A82FC0C2F}.Debug|x64.ActiveCfg = Debug|Any CPU
		{24D1CDBB-E9AD-4B3A-AF6D-3C8A82FC0C2F}.Debug|x64.Build.0 = Debug|Any CPU
		{24D1CDBB-E9AD-4B3A-AF6D-3C8A82FC0C2F}.Debug|x86.ActiveCfg = Debug|Any CPU
		{24D1CDBB-E9AD-4B3A-AF6D-3C8A82FC0C2F}.Debug|x86.Build.0 = Debug|Any CPU
		{24D1CDBB-E9AD-4B3A-AF6D-3C8A82FC0C2F}.Release|Any CPU.ActiveCfg = Release|Any CPU
		{24D1CDBB-E9AD-4B3A-AF6D-3C8A82FC0C2F}.Release|Any CPU.Build.0 = Release|Any CPU
		{24D1CDBB-E9AD-4B3A-AF6D-3C8A82FC0C2F}.Release|x64.ActiveCfg = Release|Any CPU
		{24D1CDBB-E9AD-4B3A-AF6D-3C8A82FC0C2F}.Release|x64.Build.0 = Release|Any CPU
		{24D1CDBB-E9AD-4B3A-AF6D-3C8A82FC0C2F}.Release|x86.ActiveCfg = Release|Any CPU
		{24D1CDBB-E9AD-4B3A-AF6D-3C8A82FC0C2F}.Release|x86.Build.0 = Release|Any CPU
		{0F3EF6AA-99AE-4729-967F-412182B2D766}.Debug|Any CPU.ActiveCfg = Debug|Any CPU
		{0F3EF6AA-99AE-4729-967F-412182B2D766}.Debug|Any CPU.Build.0 = Debug|Any CPU
		{0F3EF6AA-99AE-4729-967F-412182B2D766}.Debug|x64.ActiveCfg = Debug|Any CPU
		{0F3EF6AA-99AE-4729-967F-412182B2D766}.Debug|x64.Build.0 = Debug|Any CPU
		{0F3EF6AA-99AE-4729-967F-412182B2D766}.Debug|x86.ActiveCfg = Debug|Any CPU
		{0F3EF6AA-99AE-4729-967F-412182B2D766}.Debug|x86.Build.0 = Debug|Any CPU
		{0F3EF6AA-99AE-4729-967F-412182B2D766}.Release|Any CPU.ActiveCfg = Release|Any CPU
		{0F3EF6AA-99AE-4729-967F-412182B2D766}.Release|Any CPU.Build.0 = Release|Any CPU
		{0F3EF6AA-99AE-4729-967F-412182B2D766}.Release|x64.ActiveCfg = Release|Any CPU
		{0F3EF6AA-99AE-4729-967F-412182B2D766}.Release|x64.Build.0 = Release|Any CPU
		{0F3EF6AA-99AE-4729-967F-412182B2D766}.Release|x86.ActiveCfg = Release|Any CPU
		{0F3EF6AA-99AE-4729-967F-412182B2D766}.Release|x86.Build.0 = Release|Any CPU
		{2612A9F9-0D6E-4AF7-90EC-8B799CA0CE7D}.Debug|Any CPU.ActiveCfg = Debug|Any CPU
		{2612A9F9-0D6E-4AF7-90EC-8B799CA0CE7D}.Debug|Any CPU.Build.0 = Debug|Any CPU
		{2612A9F9-0D6E-4AF7-90EC-8B799CA0CE7D}.Debug|x64.ActiveCfg = Debug|Any CPU
		{2612A9F9-0D6E-4AF7-90EC-8B799CA0CE7D}.Debug|x64.Build.0 = Debug|Any CPU
		{2612A9F9-0D6E-4AF7-90EC-8B799CA0CE7D}.Debug|x86.ActiveCfg = Debug|Any CPU
		{2612A9F9-0D6E-4AF7-90EC-8B799CA0CE7D}.Debug|x86.Build.0 = Debug|Any CPU
		{2612A9F9-0D6E-4AF7-90EC-8B799CA0CE7D}.Release|Any CPU.ActiveCfg = Release|Any CPU
		{2612A9F9-0D6E-4AF7-90EC-8B799CA0CE7D}.Release|Any CPU.Build.0 = Release|Any CPU
		{2612A9F9-0D6E-4AF7-90EC-8B799CA0CE7D}.Release|x64.ActiveCfg = Release|Any CPU
		{2612A9F9-0D6E-4AF7-90EC-8B799CA0CE7D}.Release|x64.Build.0 = Release|Any CPU
		{2612A9F9-0D6E-4AF7-90EC-8B799CA0CE7D}.Release|x86.ActiveCfg = Release|Any CPU
		{2612A9F9-0D6E-4AF7-90EC-8B799CA0CE7D}.Release|x86.Build.0 = Release|Any CPU
		{0C3C592F-B663-46FA-9E84-827E04F04966}.Debug|Any CPU.ActiveCfg = Debug|Any CPU
		{0C3C592F-B663-46FA-9E84-827E04F04966}.Debug|Any CPU.Build.0 = Debug|Any CPU
		{0C3C592F-B663-46FA-9E84-827E04F04966}.Debug|x64.ActiveCfg = Debug|Any CPU
		{0C3C592F-B663-46FA-9E84-827E04F04966}.Debug|x64.Build.0 = Debug|Any CPU
		{0C3C592F-B663-46FA-9E84-827E04F04966}.Debug|x86.ActiveCfg = Debug|Any CPU
		{0C3C592F-B663-46FA-9E84-827E04F04966}.Debug|x86.Build.0 = Debug|Any CPU
		{0C3C592F-B663-46FA-9E84-827E04F04966}.Release|Any CPU.ActiveCfg = Release|Any CPU
		{0C3C592F-B663-46FA-9E84-827E04F04966}.Release|Any CPU.Build.0 = Release|Any CPU
		{0C3C592F-B663-46FA-9E84-827E04F04966}.Release|x64.ActiveCfg = Release|Any CPU
		{0C3C592F-B663-46FA-9E84-827E04F04966}.Release|x64.Build.0 = Release|Any CPU
		{0C3C592F-B663-46FA-9E84-827E04F04966}.Release|x86.ActiveCfg = Release|Any CPU
		{0C3C592F-B663-46FA-9E84-827E04F04966}.Release|x86.Build.0 = Release|Any CPU
		{5BF47C7E-8545-4469-BDFB-EA017749F8D2}.Debug|Any CPU.ActiveCfg = Debug|Any CPU
		{5BF47C7E-8545-4469-BDFB-EA017749F8D2}.Debug|Any CPU.Build.0 = Debug|Any CPU
		{5BF47C7E-8545-4469-BDFB-EA017749F8D2}.Debug|x64.ActiveCfg = Debug|Any CPU
		{5BF47C7E-8545-4469-BDFB-EA017749F8D2}.Debug|x64.Build.0 = Debug|Any CPU
		{5BF47C7E-8545-4469-BDFB-EA017749F8D2}.Debug|x86.ActiveCfg = Debug|Any CPU
		{5BF47C7E-8545-4469-BDFB-EA017749F8D2}.Debug|x86.Build.0 = Debug|Any CPU
		{5BF47C7E-8545-4469-BDFB-EA017749F8D2}.Release|Any CPU.ActiveCfg = Release|Any CPU
		{5BF47C7E-8545-4469-BDFB-EA017749F8D2}.Release|Any CPU.Build.0 = Release|Any CPU
		{5BF47C7E-8545-4469-BDFB-EA017749F8D2}.Release|x64.ActiveCfg = Release|Any CPU
		{5BF47C7E-8545-4469-BDFB-EA017749F8D2}.Release|x64.Build.0 = Release|Any CPU
		{5BF47C7E-8545-4469-BDFB-EA017749F8D2}.Release|x86.ActiveCfg = Release|Any CPU
		{5BF47C7E-8545-4469-BDFB-EA017749F8D2}.Release|x86.Build.0 = Release|Any CPU
		{B5E70AFC-0304-4736-B922-3F650EAD8EAC}.Debug|Any CPU.ActiveCfg = Debug|Any CPU
		{B5E70AFC-0304-4736-B922-3F650EAD8EAC}.Debug|Any CPU.Build.0 = Debug|Any CPU
		{B5E70AFC-0304-4736-B922-3F650EAD8EAC}.Debug|x64.ActiveCfg = Debug|Any CPU
		{B5E70AFC-0304-4736-B922-3F650EAD8EAC}.Debug|x64.Build.0 = Debug|Any CPU
		{B5E70AFC-0304-4736-B922-3F650EAD8EAC}.Debug|x86.ActiveCfg = Debug|Any CPU
		{B5E70AFC-0304-4736-B922-3F650EAD8EAC}.Debug|x86.Build.0 = Debug|Any CPU
		{B5E70AFC-0304-4736-B922-3F650EAD8EAC}.Release|Any CPU.ActiveCfg = Release|Any CPU
		{B5E70AFC-0304-4736-B922-3F650EAD8EAC}.Release|Any CPU.Build.0 = Release|Any CPU
		{B5E70AFC-0304-4736-B922-3F650EAD8EAC}.Release|x64.ActiveCfg = Release|Any CPU
		{B5E70AFC-0304-4736-B922-3F650EAD8EAC}.Release|x64.Build.0 = Release|Any CPU
		{B5E70AFC-0304-4736-B922-3F650EAD8EAC}.Release|x86.ActiveCfg = Release|Any CPU
		{B5E70AFC-0304-4736-B922-3F650EAD8EAC}.Release|x86.Build.0 = Release|Any CPU
		{D3BC8EEB-0C84-4E1E-80DF-1B0AB156FB4E}.Debug|Any CPU.ActiveCfg = Debug|Any CPU
		{D3BC8EEB-0C84-4E1E-80DF-1B0AB156FB4E}.Debug|Any CPU.Build.0 = Debug|Any CPU
		{D3BC8EEB-0C84-4E1E-80DF-1B0AB156FB4E}.Debug|x64.ActiveCfg = Debug|Any CPU
		{D3BC8EEB-0C84-4E1E-80DF-1B0AB156FB4E}.Debug|x64.Build.0 = Debug|Any CPU
		{D3BC8EEB-0C84-4E1E-80DF-1B0AB156FB4E}.Debug|x86.ActiveCfg = Debug|Any CPU
		{D3BC8EEB-0C84-4E1E-80DF-1B0AB156FB4E}.Debug|x86.Build.0 = Debug|Any CPU
		{D3BC8EEB-0C84-4E1E-80DF-1B0AB156FB4E}.Release|Any CPU.ActiveCfg = Release|Any CPU
		{D3BC8EEB-0C84-4E1E-80DF-1B0AB156FB4E}.Release|Any CPU.Build.0 = Release|Any CPU
		{D3BC8EEB-0C84-4E1E-80DF-1B0AB156FB4E}.Release|x64.ActiveCfg = Release|Any CPU
		{D3BC8EEB-0C84-4E1E-80DF-1B0AB156FB4E}.Release|x64.Build.0 = Release|Any CPU
		{D3BC8EEB-0C84-4E1E-80DF-1B0AB156FB4E}.Release|x86.ActiveCfg = Release|Any CPU
		{D3BC8EEB-0C84-4E1E-80DF-1B0AB156FB4E}.Release|x86.Build.0 = Release|Any CPU
		{1C792DDE-2D76-4D81-870D-80EC2473B24D}.Debug|Any CPU.ActiveCfg = Debug|Any CPU
		{1C792DDE-2D76-4D81-870D-80EC2473B24D}.Debug|Any CPU.Build.0 = Debug|Any CPU
		{1C792DDE-2D76-4D81-870D-80EC2473B24D}.Debug|x64.ActiveCfg = Debug|Any CPU
		{1C792DDE-2D76-4D81-870D-80EC2473B24D}.Debug|x64.Build.0 = Debug|Any CPU
		{1C792DDE-2D76-4D81-870D-80EC2473B24D}.Debug|x86.ActiveCfg = Debug|Any CPU
		{1C792DDE-2D76-4D81-870D-80EC2473B24D}.Debug|x86.Build.0 = Debug|Any CPU
		{1C792DDE-2D76-4D81-870D-80EC2473B24D}.Release|Any CPU.ActiveCfg = Release|Any CPU
		{1C792DDE-2D76-4D81-870D-80EC2473B24D}.Release|Any CPU.Build.0 = Release|Any CPU
		{1C792DDE-2D76-4D81-870D-80EC2473B24D}.Release|x64.ActiveCfg = Release|Any CPU
		{1C792DDE-2D76-4D81-870D-80EC2473B24D}.Release|x64.Build.0 = Release|Any CPU
		{1C792DDE-2D76-4D81-870D-80EC2473B24D}.Release|x86.ActiveCfg = Release|Any CPU
		{1C792DDE-2D76-4D81-870D-80EC2473B24D}.Release|x86.Build.0 = Release|Any CPU
		{C4207E1E-65FB-43DD-BE4F-836B0B1860F9}.Debug|Any CPU.ActiveCfg = Debug|Any CPU
		{C4207E1E-65FB-43DD-BE4F-836B0B1860F9}.Debug|Any CPU.Build.0 = Debug|Any CPU
		{C4207E1E-65FB-43DD-BE4F-836B0B1860F9}.Debug|x64.ActiveCfg = Debug|Any CPU
		{C4207E1E-65FB-43DD-BE4F-836B0B1860F9}.Debug|x64.Build.0 = Debug|Any CPU
		{C4207E1E-65FB-43DD-BE4F-836B0B1860F9}.Debug|x86.ActiveCfg = Debug|Any CPU
		{C4207E1E-65FB-43DD-BE4F-836B0B1860F9}.Debug|x86.Build.0 = Debug|Any CPU
		{C4207E1E-65FB-43DD-BE4F-836B0B1860F9}.Release|Any CPU.ActiveCfg = Release|Any CPU
		{C4207E1E-65FB-43DD-BE4F-836B0B1860F9}.Release|Any CPU.Build.0 = Release|Any CPU
		{C4207E1E-65FB-43DD-BE4F-836B0B1860F9}.Release|x64.ActiveCfg = Release|Any CPU
		{C4207E1E-65FB-43DD-BE4F-836B0B1860F9}.Release|x64.Build.0 = Release|Any CPU
		{C4207E1E-65FB-43DD-BE4F-836B0B1860F9}.Release|x86.ActiveCfg = Release|Any CPU
		{C4207E1E-65FB-43DD-BE4F-836B0B1860F9}.Release|x86.Build.0 = Release|Any CPU
		{2B2ECC5A-A66D-44B8-8E96-4246073FF898}.Debug|Any CPU.ActiveCfg = Debug|Any CPU
		{2B2ECC5A-A66D-44B8-8E96-4246073FF898}.Debug|Any CPU.Build.0 = Debug|Any CPU
		{2B2ECC5A-A66D-44B8-8E96-4246073FF898}.Debug|x64.ActiveCfg = Debug|Any CPU
		{2B2ECC5A-A66D-44B8-8E96-4246073FF898}.Debug|x64.Build.0 = Debug|Any CPU
		{2B2ECC5A-A66D-44B8-8E96-4246073FF898}.Debug|x86.ActiveCfg = Debug|Any CPU
		{2B2ECC5A-A66D-44B8-8E96-4246073FF898}.Debug|x86.Build.0 = Debug|Any CPU
		{2B2ECC5A-A66D-44B8-8E96-4246073FF898}.Release|Any CPU.ActiveCfg = Release|Any CPU
		{2B2ECC5A-A66D-44B8-8E96-4246073FF898}.Release|Any CPU.Build.0 = Release|Any CPU
		{2B2ECC5A-A66D-44B8-8E96-4246073FF898}.Release|x64.ActiveCfg = Release|Any CPU
		{2B2ECC5A-A66D-44B8-8E96-4246073FF898}.Release|x64.Build.0 = Release|Any CPU
		{2B2ECC5A-A66D-44B8-8E96-4246073FF898}.Release|x86.ActiveCfg = Release|Any CPU
		{2B2ECC5A-A66D-44B8-8E96-4246073FF898}.Release|x86.Build.0 = Release|Any CPU
		{4D2F182D-889E-4F8D-B4FD-7EB593C0AF0B}.Debug|Any CPU.ActiveCfg = Debug|Any CPU
		{4D2F182D-889E-4F8D-B4FD-7EB593C0AF0B}.Debug|Any CPU.Build.0 = Debug|Any CPU
		{4D2F182D-889E-4F8D-B4FD-7EB593C0AF0B}.Debug|x64.ActiveCfg = Debug|Any CPU
		{4D2F182D-889E-4F8D-B4FD-7EB593C0AF0B}.Debug|x64.Build.0 = Debug|Any CPU
		{4D2F182D-889E-4F8D-B4FD-7EB593C0AF0B}.Debug|x86.ActiveCfg = Debug|Any CPU
		{4D2F182D-889E-4F8D-B4FD-7EB593C0AF0B}.Debug|x86.Build.0 = Debug|Any CPU
		{4D2F182D-889E-4F8D-B4FD-7EB593C0AF0B}.Release|Any CPU.ActiveCfg = Release|Any CPU
		{4D2F182D-889E-4F8D-B4FD-7EB593C0AF0B}.Release|Any CPU.Build.0 = Release|Any CPU
		{4D2F182D-889E-4F8D-B4FD-7EB593C0AF0B}.Release|x64.ActiveCfg = Release|Any CPU
		{4D2F182D-889E-4F8D-B4FD-7EB593C0AF0B}.Release|x64.Build.0 = Release|Any CPU
		{4D2F182D-889E-4F8D-B4FD-7EB593C0AF0B}.Release|x86.ActiveCfg = Release|Any CPU
		{4D2F182D-889E-4F8D-B4FD-7EB593C0AF0B}.Release|x86.Build.0 = Release|Any CPU
	EndGlobalSection
	GlobalSection(SolutionProperties) = preSolution
		HideSolutionNode = FALSE
	EndGlobalSection
	GlobalSection(NestedProjects) = preSolution
		{E7506CC6-0A6C-4C6E-9362-BF01EDB06E36} = {827E0CD3-B72D-47B6-A68D-7590B98EB39B}
		{09145AB5-C201-4F77-AF4E-9B6BFA5886D1} = {827E0CD3-B72D-47B6-A68D-7590B98EB39B}
		{1E615BE0-8557-44ED-BDD3-6AAA41709A6D} = {827E0CD3-B72D-47B6-A68D-7590B98EB39B}
		{7681A3D2-07F9-4245-B6D3-9CDA8261D667} = {827E0CD3-B72D-47B6-A68D-7590B98EB39B}
		{16B9EE2C-B58F-4AF4-B15E-87FC0DD670E0} = {827E0CD3-B72D-47B6-A68D-7590B98EB39B}
		{E20385C6-4CD7-5BF4-C007-71E5EE00BC8D} = {0AB3BF05-4346-4AA6-1389-037BE0695223}
		{3EE0B874-D4B8-4DFC-A9D5-ABF5872CB317} = {E20385C6-4CD7-5BF4-C007-71E5EE00BC8D}
		{9D556B49-86D1-93A7-9596-FFAAB74EC556} = {0AB3BF05-4346-4AA6-1389-037BE0695223}
		{24D1CDBB-E9AD-4B3A-AF6D-3C8A82FC0C2F} = {9D556B49-86D1-93A7-9596-FFAAB74EC556}
		{0F3EF6AA-99AE-4729-967F-412182B2D766} = {9D556B49-86D1-93A7-9596-FFAAB74EC556}
		{2612A9F9-0D6E-4AF7-90EC-8B799CA0CE7D} = {9D556B49-86D1-93A7-9596-FFAAB74EC556}
		{28A6993C-471E-82FE-7D9E-AD3B1EC22BD9} = {0AB3BF05-4346-4AA6-1389-037BE0695223}
		{0C3C592F-B663-46FA-9E84-827E04F04966} = {28A6993C-471E-82FE-7D9E-AD3B1EC22BD9}
		{5BF47C7E-8545-4469-BDFB-EA017749F8D2} = {28A6993C-471E-82FE-7D9E-AD3B1EC22BD9}
		{8244A64C-39D3-8101-F806-FE82CD668DA0} = {0AB3BF05-4346-4AA6-1389-037BE0695223}
		{B5E70AFC-0304-4736-B922-3F650EAD8EAC} = {8244A64C-39D3-8101-F806-FE82CD668DA0}
		{D3BC8EEB-0C84-4E1E-80DF-1B0AB156FB4E} = {8244A64C-39D3-8101-F806-FE82CD668DA0}
		{1C792DDE-2D76-4D81-870D-80EC2473B24D} = {8244A64C-39D3-8101-F806-FE82CD668DA0}
		{C4207E1E-65FB-43DD-BE4F-836B0B1860F9} = {8244A64C-39D3-8101-F806-FE82CD668DA0}
		{2B2ECC5A-A66D-44B8-8E96-4246073FF898} = {8244A64C-39D3-8101-F806-FE82CD668DA0}
		{4D2F182D-889E-4F8D-B4FD-7EB593C0AF0B} = {8244A64C-39D3-8101-F806-FE82CD668DA0}
	EndGlobalSection
EndGlobal
