
Microsoft Visual Studio Solution File, Format Version 12.00
# Visual Studio Version 17
VisualStudioVersion = 17.0.31903.59
MinimumVisualStudioVersion = 10.0.40219.1
Project("{2150E333-8FDC-42A3-9474-1A3956D46DE8}") = "src", "src", "{A1E877C3-3C0B-4C15-A5A8-0E34E8ADCB5F}"
EndProject
Project("{FAE04EC0-301F-11D3-BF4B-00C04F79EFBC}") = "Adept.Common", "src\Adept.Common\Adept.Common.csproj", "{B2F0C1C5-D3B5-4F6D-8F4A-8E7B4E4F44D1}"
EndProject
Project("{FAE04EC0-301F-11D3-BF4B-00C04F79EFBC}") = "Adept.Core", "src\Adept.Core\Adept.Core.csproj", "{C3F0C1C5-D3B5-4F6D-8F4A-8E7B4E4F44D2}"
EndProject
Project("{FAE04EC0-301F-11D3-BF4B-00C04F79EFBC}") = "Adept.Data", "src\Adept.Data\Adept.Data.csproj", "{D4F0C1C5-D3B5-4F6D-8F4A-8E7B4E4F44D3}"
EndProject
Project("{FAE04EC0-301F-11D3-BF4B-00C04F79EFBC}") = "Adept.Services", "src\Adept.Services\Adept.Services.csproj", "{E5F0C1C5-D3B5-4F6D-8F4A-8E7B4E4F44D4}"
EndProject
Project("{FAE04EC0-301F-11D3-BF4B-00C04F79EFBC}") = "Adept.UI", "src\Adept.UI\Adept.UI.csproj", "{F6F0C1C5-D3B5-4F6D-8F4A-8E7B4E4F44D5}"
EndProject
Project("{2150E333-8FDC-42A3-9474-1A3956D46DE8}") = "tests", "tests", "{B1E877C3-3C0B-4C15-A5A8-0E34E8ADCB5F}"
EndProject
Project("{FAE04EC0-301F-11D3-BF4B-00C04F79EFBC}") = "Adept.Core.Tests", "tests\Adept.Core.Tests\Adept.Core.Tests.csproj", "{A2DBA709-E0C3-309A-7357-39964467B39F}"
EndProject
Project("{FAE04EC0-301F-11D3-BF4B-00C04F79EFBC}") = "Adept.Services.Tests", "tests\Adept.Services.Tests\Adept.Services.Tests.csproj", "{597B868D-3D85-B484-1002-4AC6CA421867}"
EndProject
Project("{FAE04EC0-301F-11D3-BF4B-00C04F79EFBC}") = "Adept.Data.Tests", "tests\Adept.Data.Tests\Adept.Data.Tests.csproj", "{76B4D565-31C1-7794-D22F-660412B10898}"
EndProject
Project("{FAE04EC0-301F-11D3-BF4B-00C04F79EFBC}") = "Adept.Tests", "src\Adept.Tests\Adept.Tests.csproj", "{3734E156-28C8-63DB-4502-609831AFFD6A}"
EndProject
Project("{2150E333-8FDC-42A3-9474-1A3956D46DE8}") = "Integration", "Integration", "{B8CD552C-BC86-0632-8ABD-66785978963C}"
EndProject
Project("{FAE04EC0-301F-11D3-BF4B-00C04F79EFBC}") = "Adept.Services.Integration.Tests", "tests\Integration\Adept.Services.Integration.Tests\Adept.Services.Integration.Tests.csproj", "{BB4CDE46-34B4-4C6D-A113-AEAA6B49B87C}"
EndProject
Global
	GlobalSection(SolutionConfigurationPlatforms) = preSolution
		Debug|Any CPU = Debug|Any CPU
		Debug|x64 = Debug|x64
		Debug|x86 = Debug|x86
		Release|Any CPU = Release|Any CPU
		Release|x64 = Release|x64
		Release|x86 = Release|x86
	EndGlobalSection
	GlobalSection(ProjectConfigurationPlatforms) = postSolution
		{B2F0C1C5-D3B5-4F6D-8F4A-8E7B4E4F44D1}.Debug|Any CPU.ActiveCfg = Debug|Any CPU
		{B2F0C1C5-D3B5-4F6D-8F4A-8E7B4E4F44D1}.Debug|Any CPU.Build.0 = Debug|Any CPU
		{B2F0C1C5-D3B5-4F6D-8F4A-8E7B4E4F44D1}.Debug|x64.ActiveCfg = Debug|Any CPU
		{B2F0C1C5-D3B5-4F6D-8F4A-8E7B4E4F44D1}.Debug|x64.Build.0 = Debug|Any CPU
		{B2F0C1C5-D3B5-4F6D-8F4A-8E7B4E4F44D1}.Debug|x86.ActiveCfg = Debug|Any CPU
		{B2F0C1C5-D3B5-4F6D-8F4A-8E7B4E4F44D1}.Debug|x86.Build.0 = Debug|Any CPU
		{B2F0C1C5-D3B5-4F6D-8F4A-8E7B4E4F44D1}.Release|Any CPU.ActiveCfg = Release|Any CPU
		{B2F0C1C5-D3B5-4F6D-8F4A-8E7B4E4F44D1}.Release|Any CPU.Build.0 = Release|Any CPU
		{B2F0C1C5-D3B5-4F6D-8F4A-8E7B4E4F44D1}.Release|x64.ActiveCfg = Release|Any CPU
		{B2F0C1C5-D3B5-4F6D-8F4A-8E7B4E4F44D1}.Release|x64.Build.0 = Release|Any CPU
		{B2F0C1C5-D3B5-4F6D-8F4A-8E7B4E4F44D1}.Release|x86.ActiveCfg = Release|Any CPU
		{B2F0C1C5-D3B5-4F6D-8F4A-8E7B4E4F44D1}.Release|x86.Build.0 = Release|Any CPU
		{C3F0C1C5-D3B5-4F6D-8F4A-8E7B4E4F44D2}.Debug|Any CPU.ActiveCfg = Debug|Any CPU
		{C3F0C1C5-D3B5-4F6D-8F4A-8E7B4E4F44D2}.Debug|Any CPU.Build.0 = Debug|Any CPU
		{C3F0C1C5-D3B5-4F6D-8F4A-8E7B4E4F44D2}.Debug|x64.ActiveCfg = Debug|Any CPU
		{C3F0C1C5-D3B5-4F6D-8F4A-8E7B4E4F44D2}.Debug|x64.Build.0 = Debug|Any CPU
		{C3F0C1C5-D3B5-4F6D-8F4A-8E7B4E4F44D2}.Debug|x86.ActiveCfg = Debug|Any CPU
		{C3F0C1C5-D3B5-4F6D-8F4A-8E7B4E4F44D2}.Debug|x86.Build.0 = Debug|Any CPU
		{C3F0C1C5-D3B5-4F6D-8F4A-8E7B4E4F44D2}.Release|Any CPU.ActiveCfg = Release|Any CPU
		{C3F0C1C5-D3B5-4F6D-8F4A-8E7B4E4F44D2}.Release|Any CPU.Build.0 = Release|Any CPU
		{C3F0C1C5-D3B5-4F6D-8F4A-8E7B4E4F44D2}.Release|x64.ActiveCfg = Release|Any CPU
		{C3F0C1C5-D3B5-4F6D-8F4A-8E7B4E4F44D2}.Release|x64.Build.0 = Release|Any CPU
		{C3F0C1C5-D3B5-4F6D-8F4A-8E7B4E4F44D2}.Release|x86.ActiveCfg = Release|Any CPU
		{C3F0C1C5-D3B5-4F6D-8F4A-8E7B4E4F44D2}.Release|x86.Build.0 = Release|Any CPU
		{D4F0C1C5-D3B5-4F6D-8F4A-8E7B4E4F44D3}.Debug|Any CPU.ActiveCfg = Debug|Any CPU
		{D4F0C1C5-D3B5-4F6D-8F4A-8E7B4E4F44D3}.Debug|Any CPU.Build.0 = Debug|Any CPU
		{D4F0C1C5-D3B5-4F6D-8F4A-8E7B4E4F44D3}.Debug|x64.ActiveCfg = Debug|Any CPU
		{D4F0C1C5-D3B5-4F6D-8F4A-8E7B4E4F44D3}.Debug|x64.Build.0 = Debug|Any CPU
		{D4F0C1C5-D3B5-4F6D-8F4A-8E7B4E4F44D3}.Debug|x86.ActiveCfg = Debug|Any CPU
		{D4F0C1C5-D3B5-4F6D-8F4A-8E7B4E4F44D3}.Debug|x86.Build.0 = Debug|Any CPU
		{D4F0C1C5-D3B5-4F6D-8F4A-8E7B4E4F44D3}.Release|Any CPU.ActiveCfg = Release|Any CPU
		{D4F0C1C5-D3B5-4F6D-8F4A-8E7B4E4F44D3}.Release|Any CPU.Build.0 = Release|Any CPU
		{D4F0C1C5-D3B5-4F6D-8F4A-8E7B4E4F44D3}.Release|x64.ActiveCfg = Release|Any CPU
		{D4F0C1C5-D3B5-4F6D-8F4A-8E7B4E4F44D3}.Release|x64.Build.0 = Release|Any CPU
		{D4F0C1C5-D3B5-4F6D-8F4A-8E7B4E4F44D3}.Release|x86.ActiveCfg = Release|Any CPU
		{D4F0C1C5-D3B5-4F6D-8F4A-8E7B4E4F44D3}.Release|x86.Build.0 = Release|Any CPU
		{E5F0C1C5-D3B5-4F6D-8F4A-8E7B4E4F44D4}.Debug|Any CPU.ActiveCfg = Debug|Any CPU
		{E5F0C1C5-D3B5-4F6D-8F4A-8E7B4E4F44D4}.Debug|Any CPU.Build.0 = Debug|Any CPU
		{E5F0C1C5-D3B5-4F6D-8F4A-8E7B4E4F44D4}.Debug|x64.ActiveCfg = Debug|Any CPU
		{E5F0C1C5-D3B5-4F6D-8F4A-8E7B4E4F44D4}.Debug|x64.Build.0 = Debug|Any CPU
		{E5F0C1C5-D3B5-4F6D-8F4A-8E7B4E4F44D4}.Debug|x86.ActiveCfg = Debug|Any CPU
		{E5F0C1C5-D3B5-4F6D-8F4A-8E7B4E4F44D4}.Debug|x86.Build.0 = Debug|Any CPU
		{E5F0C1C5-D3B5-4F6D-8F4A-8E7B4E4F44D4}.Release|Any CPU.ActiveCfg = Release|Any CPU
		{E5F0C1C5-D3B5-4F6D-8F4A-8E7B4E4F44D4}.Release|Any CPU.Build.0 = Release|Any CPU
		{E5F0C1C5-D3B5-4F6D-8F4A-8E7B4E4F44D4}.Release|x64.ActiveCfg = Release|Any CPU
		{E5F0C1C5-D3B5-4F6D-8F4A-8E7B4E4F44D4}.Release|x64.Build.0 = Release|Any CPU
		{E5F0C1C5-D3B5-4F6D-8F4A-8E7B4E4F44D4}.Release|x86.ActiveCfg = Release|Any CPU
		{E5F0C1C5-D3B5-4F6D-8F4A-8E7B4E4F44D4}.Release|x86.Build.0 = Release|Any CPU
		{F6F0C1C5-D3B5-4F6D-8F4A-8E7B4E4F44D5}.Debug|Any CPU.ActiveCfg = Debug|Any CPU
		{F6F0C1C5-D3B5-4F6D-8F4A-8E7B4E4F44D5}.Debug|Any CPU.Build.0 = Debug|Any CPU
		{F6F0C1C5-D3B5-4F6D-8F4A-8E7B4E4F44D5}.Debug|x64.ActiveCfg = Debug|Any CPU
		{F6F0C1C5-D3B5-4F6D-8F4A-8E7B4E4F44D5}.Debug|x64.Build.0 = Debug|Any CPU
		{F6F0C1C5-D3B5-4F6D-8F4A-8E7B4E4F44D5}.Debug|x86.ActiveCfg = Debug|Any CPU
		{F6F0C1C5-D3B5-4F6D-8F4A-8E7B4E4F44D5}.Debug|x86.Build.0 = Debug|Any CPU
		{F6F0C1C5-D3B5-4F6D-8F4A-8E7B4E4F44D5}.Release|Any CPU.ActiveCfg = Release|Any CPU
		{F6F0C1C5-D3B5-4F6D-8F4A-8E7B4E4F44D5}.Release|Any CPU.Build.0 = Release|Any CPU
		{F6F0C1C5-D3B5-4F6D-8F4A-8E7B4E4F44D5}.Release|x64.ActiveCfg = Release|Any CPU
		{F6F0C1C5-D3B5-4F6D-8F4A-8E7B4E4F44D5}.Release|x64.Build.0 = Release|Any CPU
		{F6F0C1C5-D3B5-4F6D-8F4A-8E7B4E4F44D5}.Release|x86.ActiveCfg = Release|Any CPU
		{F6F0C1C5-D3B5-4F6D-8F4A-8E7B4E4F44D5}.Release|x86.Build.0 = Release|Any CPU
		{A2DBA709-E0C3-309A-7357-39964467B39F}.Debug|x64.ActiveCfg = Debug|Any CPU
		{A2DBA709-E0C3-309A-7357-39964467B39F}.Debug|x64.Build.0 = Debug|Any CPU
		{A2DBA709-E0C3-309A-7357-39964467B39F}.Debug|x86.ActiveCfg = Debug|Any CPU
		{A2DBA709-E0C3-309A-7357-39964467B39F}.Debug|x86.Build.0 = Debug|Any CPU
		{A2DBA709-E0C3-309A-7357-39964467B39F}.Release|x64.ActiveCfg = Release|Any CPU
		{A2DBA709-E0C3-309A-7357-39964467B39F}.Release|x64.Build.0 = Release|Any CPU
		{A2DBA709-E0C3-309A-7357-39964467B39F}.Release|x86.ActiveCfg = Release|Any CPU
		{A2DBA709-E0C3-309A-7357-39964467B39F}.Release|x86.Build.0 = Release|Any CPU
		{597B868D-3D85-B484-1002-4AC6CA421867}.Debug|x64.ActiveCfg = Debug|Any CPU
		{597B868D-3D85-B484-1002-4AC6CA421867}.Debug|x64.Build.0 = Debug|Any CPU
		{597B868D-3D85-B484-1002-4AC6CA421867}.Debug|x86.ActiveCfg = Debug|Any CPU
		{597B868D-3D85-B484-1002-4AC6CA421867}.Debug|x86.Build.0 = Debug|Any CPU
		{597B868D-3D85-B484-1002-4AC6CA421867}.Release|x64.ActiveCfg = Release|Any CPU
		{597B868D-3D85-B484-1002-4AC6CA421867}.Release|x64.Build.0 = Release|Any CPU
		{597B868D-3D85-B484-1002-4AC6CA421867}.Release|x86.ActiveCfg = Release|Any CPU
		{597B868D-3D85-B484-1002-4AC6CA421867}.Release|x86.Build.0 = Release|Any CPU
		{76B4D565-31C1-7794-D22F-660412B10898}.Debug|x64.ActiveCfg = Debug|Any CPU
		{76B4D565-31C1-7794-D22F-660412B10898}.Debug|x64.Build.0 = Debug|Any CPU
		{76B4D565-31C1-7794-D22F-660412B10898}.Debug|x86.ActiveCfg = Debug|Any CPU
		{76B4D565-31C1-7794-D22F-660412B10898}.Debug|x86.Build.0 = Debug|Any CPU
		{76B4D565-31C1-7794-D22F-660412B10898}.Release|x64.ActiveCfg = Release|Any CPU
		{76B4D565-31C1-7794-D22F-660412B10898}.Release|x64.Build.0 = Release|Any CPU
		{76B4D565-31C1-7794-D22F-660412B10898}.Release|x86.ActiveCfg = Release|Any CPU
		{76B4D565-31C1-7794-D22F-660412B10898}.Release|x86.Build.0 = Release|Any CPU
		{3734E156-28C8-63DB-4502-609831AFFD6A}.Debug|x64.ActiveCfg = Debug|Any CPU
		{3734E156-28C8-63DB-4502-609831AFFD6A}.Debug|x64.Build.0 = Debug|Any CPU
		{3734E156-28C8-63DB-4502-609831AFFD6A}.Debug|x86.ActiveCfg = Debug|Any CPU
		{3734E156-28C8-63DB-4502-609831AFFD6A}.Debug|x86.Build.0 = Debug|Any CPU
		{3734E156-28C8-63DB-4502-609831AFFD6A}.Release|x64.ActiveCfg = Release|Any CPU
		{3734E156-28C8-63DB-4502-609831AFFD6A}.Release|x64.Build.0 = Release|Any CPU
		{3734E156-28C8-63DB-4502-609831AFFD6A}.Release|x86.ActiveCfg = Release|Any CPU
		{3734E156-28C8-63DB-4502-609831AFFD6A}.Release|x86.Build.0 = Release|Any CPU
		{BB4CDE46-34B4-4C6D-A113-AEAA6B49B87C}.Debug|Any CPU.ActiveCfg = Debug|Any CPU
		{BB4CDE46-34B4-4C6D-A113-AEAA6B49B87C}.Debug|Any CPU.Build.0 = Debug|Any CPU
		{BB4CDE46-34B4-4C6D-A113-AEAA6B49B87C}.Debug|x64.ActiveCfg = Debug|Any CPU
		{BB4CDE46-34B4-4C6D-A113-AEAA6B49B87C}.Debug|x64.Build.0 = Debug|Any CPU
		{BB4CDE46-34B4-4C6D-A113-AEAA6B49B87C}.Debug|x86.ActiveCfg = Debug|Any CPU
		{BB4CDE46-34B4-4C6D-A113-AEAA6B49B87C}.Debug|x86.Build.0 = Debug|Any CPU
		{BB4CDE46-34B4-4C6D-A113-AEAA6B49B87C}.Release|Any CPU.ActiveCfg = Release|Any CPU
		{BB4CDE46-34B4-4C6D-A113-AEAA6B49B87C}.Release|Any CPU.Build.0 = Release|Any CPU
		{BB4CDE46-34B4-4C6D-A113-AEAA6B49B87C}.Release|x64.ActiveCfg = Release|Any CPU
		{BB4CDE46-34B4-4C6D-A113-AEAA6B49B87C}.Release|x64.Build.0 = Release|Any CPU
		{BB4CDE46-34B4-4C6D-A113-AEAA6B49B87C}.Release|x86.ActiveCfg = Release|Any CPU
		{BB4CDE46-34B4-4C6D-A113-AEAA6B49B87C}.Release|x86.Build.0 = Release|Any CPU
	EndGlobalSection
	GlobalSection(SolutionProperties) = preSolution
		HideSolutionNode = FALSE
	EndGlobalSection
	GlobalSection(NestedProjects) = preSolution
		{B2F0C1C5-D3B5-4F6D-8F4A-8E7B4E4F44D1} = {A1E877C3-3C0B-4C15-A5A8-0E34E8ADCB5F}
		{C3F0C1C5-D3B5-4F6D-8F4A-8E7B4E4F44D2} = {A1E877C3-3C0B-4C15-A5A8-0E34E8ADCB5F}
		{D4F0C1C5-D3B5-4F6D-8F4A-8E7B4E4F44D3} = {A1E877C3-3C0B-4C15-A5A8-0E34E8ADCB5F}
		{E5F0C1C5-D3B5-4F6D-8F4A-8E7B4E4F44D4} = {A1E877C3-3C0B-4C15-A5A8-0E34E8ADCB5F}
		{F6F0C1C5-D3B5-4F6D-8F4A-8E7B4E4F44D5} = {A1E877C3-3C0B-4C15-A5A8-0E34E8ADCB5F}
		{B8CD552C-BC86-0632-8ABD-66785978963C} = {B1E877C3-3C0B-4C15-A5A8-0E34E8ADCB5F}
		{BB4CDE46-34B4-4C6D-A113-AEAA6B49B87C} = {B8CD552C-BC86-0632-8ABD-66785978963C}
	EndGlobalSection
EndGlobal
