Microsoft Visual Studio Solution File, Format Version 12.00
# Visual Studio Version 17
VisualStudioVersion = 17.0.31903.59
MinimumVisualStudioVersion = 10.0.40219.1
Project("{2150E333-8FDC-42A3-9474-1A3956D46DE8}") = "src", "src", "{A1E877C3-3C0B-4C15-A5A8-0E34E8ADCB5F}"
EndProject
Project("{FAE04EC0-301F-11D3-BF4B-00C04F79EFBC}") = "Adept.Common", "src\Adept.Common\Adept.Common.csproj", "{B2F0C1C5-D3B5-4F6D-8F4A-8E7B4E4F44D1}"
EndProject
Project("{FAE04EC0-301F-11D3-BF4B-00C04F79EFBC}") = "Adept.Core", "src\Adept.Core\Adept.Core.csproj", "{C3F0C1C5-D3B5-4F6D-8F4A-8E7B4E4F44D2}"
EndProject
Project("{FAE04EC0-301F-11D3-BF4B-00C04F79EFBC}") = "Adept.Data", "src\Adept.Data\Adept.Data.csproj", "{D4F0C1C5-D3B5-4F6D-8F4A-8E7B4E4F44D3}"
EndProject
Project("{FAE04EC0-301F-11D3-BF4B-00C04F79EFBC}") = "Adept.Services", "src\Adept.Services\Adept.Services.csproj", "{E5F0C1C5-D3B5-4F6D-8F4A-8E7B4E4F44D4}"
EndProject
Project("{FAE04EC0-301F-11D3-BF4B-00C04F79EFBC}") = "Adept.UI", "src\Adept.UI\Adept.UI.csproj", "{F6F0C1C5-D3B5-4F6D-8F4A-8E7B4E4F44D5}"
EndProject
Project("{2150E333-8FDC-42A3-9474-1A3956D46DE8}") = "tests", "tests", "{B1E877C3-3C0B-4C15-A5A8-0E34E8ADCB5F}"
EndProject
Project("{FAE04EC0-301F-11D3-BF4B-00C04F79EFBC}") = "Adept.Core.Tests", "tests\Adept.Core.Tests\Adept.Core.Tests.csproj", "{G7F0C1C5-D3B5-4F6D-8F4A-8E7B4E4F44D6}"
EndProject
Project("{FAE04EC0-301F-11D3-BF4B-00C04F79EFBC}") = "Adept.Services.Tests", "tests\Adept.Services.Tests\Adept.Services.Tests.csproj", "{H8F0C1C5-D3B5-4F6D-8F4A-8E7B4E4F44D7}"
EndProject
Project("{FAE04EC0-301F-11D3-BF4B-00C04F79EFBC}") = "Adept.Data.Tests", "tests\Adept.Data.Tests\Adept.Data.Tests.csproj", "{I9F0C1C5-D3B5-4F6D-8F4A-8E7B4E4F44D8}"
EndProject
Project("{FAE04EC0-301F-11D3-BF4B-00C04F79EFBC}") = "Adept.Tests", "src\Adept.Tests\Adept.Tests.csproj", "{J0F0C1C5-D3B5-4F6D-8F4A-8E7B4E4F44D9}"
EndProject
Global
	GlobalSection(SolutionConfigurationPlatforms) = preSolution
		Debug|Any CPU = Debug|Any CPU
		Release|Any CPU = Release|Any CPU
	EndGlobalSection
	GlobalSection(SolutionProperties) = preSolution
		HideSolutionNode = FALSE
	EndGlobalSection
	GlobalSection(ProjectConfigurationPlatforms) = postSolution
		{B2F0C1C5-D3B5-4F6D-8F4A-8E7B4E4F44D1}.Debug|Any CPU.ActiveCfg = Debug|Any CPU
		{B2F0C1C5-D3B5-4F6D-8F4A-8E7B4E4F44D1}.Debug|Any CPU.Build.0 = Debug|Any CPU
		{B2F0C1C5-D3B5-4F6D-8F4A-8E7B4E4F44D1}.Release|Any CPU.ActiveCfg = Release|Any CPU
		{B2F0C1C5-D3B5-4F6D-8F4A-8E7B4E4F44D1}.Release|Any CPU.Build.0 = Release|Any CPU
		{C3F0C1C5-D3B5-4F6D-8F4A-8E7B4E4F44D2}.Debug|Any CPU.ActiveCfg = Debug|Any CPU
		{C3F0C1C5-D3B5-4F6D-8F4A-8E7B4E4F44D2}.Debug|Any CPU.Build.0 = Debug|Any CPU
		{C3F0C1C5-D3B5-4F6D-8F4A-8E7B4E4F44D2}.Release|Any CPU.ActiveCfg = Release|Any CPU
		{C3F0C1C5-D3B5-4F6D-8F4A-8E7B4E4F44D2}.Release|Any CPU.Build.0 = Release|Any CPU
		{D4F0C1C5-D3B5-4F6D-8F4A-8E7B4E4F44D3}.Debug|Any CPU.ActiveCfg = Debug|Any CPU
		{D4F0C1C5-D3B5-4F6D-8F4A-8E7B4E4F44D3}.Debug|Any CPU.Build.0 = Debug|Any CPU
		{D4F0C1C5-D3B5-4F6D-8F4A-8E7B4E4F44D3}.Release|Any CPU.ActiveCfg = Release|Any CPU
		{D4F0C1C5-D3B5-4F6D-8F4A-8E7B4E4F44D3}.Release|Any CPU.Build.0 = Release|Any CPU
		{E5F0C1C5-D3B5-4F6D-8F4A-8E7B4E4F44D4}.Debug|Any CPU.ActiveCfg = Debug|Any CPU
		{E5F0C1C5-D3B5-4F6D-8F4A-8E7B4E4F44D4}.Debug|Any CPU.Build.0 = Debug|Any CPU
		{E5F0C1C5-D3B5-4F6D-8F4A-8E7B4E4F44D4}.Release|Any CPU.ActiveCfg = Release|Any CPU
		{E5F0C1C5-D3B5-4F6D-8F4A-8E7B4E4F44D4}.Release|Any CPU.Build.0 = Release|Any CPU
		{F6F0C1C5-D3B5-4F6D-8F4A-8E7B4E4F44D5}.Debug|Any CPU.ActiveCfg = Debug|Any CPU
		{F6F0C1C5-D3B5-4F6D-8F4A-8E7B4E4F44D5}.Debug|Any CPU.Build.0 = Debug|Any CPU
		{F6F0C1C5-D3B5-4F6D-8F4A-8E7B4E4F44D5}.Release|Any CPU.ActiveCfg = Release|Any CPU
		{F6F0C1C5-D3B5-4F6D-8F4A-8E7B4E4F44D5}.Release|Any CPU.Build.0 = Release|Any CPU
		{G7F0C1C5-D3B5-4F6D-8F4A-8E7B4E4F44D6}.Debug|Any CPU.ActiveCfg = Debug|Any CPU
		{G7F0C1C5-D3B5-4F6D-8F4A-8E7B4E4F44D6}.Debug|Any CPU.Build.0 = Debug|Any CPU
		{G7F0C1C5-D3B5-4F6D-8F4A-8E7B4E4F44D6}.Release|Any CPU.ActiveCfg = Release|Any CPU
		{G7F0C1C5-D3B5-4F6D-8F4A-8E7B4E4F44D6}.Release|Any CPU.Build.0 = Release|Any CPU
		{H8F0C1C5-D3B5-4F6D-8F4A-8E7B4E4F44D7}.Debug|Any CPU.ActiveCfg = Debug|Any CPU
		{H8F0C1C5-D3B5-4F6D-8F4A-8E7B4E4F44D7}.Debug|Any CPU.Build.0 = Debug|Any CPU
		{H8F0C1C5-D3B5-4F6D-8F4A-8E7B4E4F44D7}.Release|Any CPU.ActiveCfg = Release|Any CPU
		{H8F0C1C5-D3B5-4F6D-8F4A-8E7B4E4F44D7}.Release|Any CPU.Build.0 = Release|Any CPU
		{I9F0C1C5-D3B5-4F6D-8F4A-8E7B4E4F44D8}.Debug|Any CPU.ActiveCfg = Debug|Any CPU
		{I9F0C1C5-D3B5-4F6D-8F4A-8E7B4E4F44D8}.Debug|Any CPU.Build.0 = Debug|Any CPU
		{I9F0C1C5-D3B5-4F6D-8F4A-8E7B4E4F44D8}.Release|Any CPU.ActiveCfg = Release|Any CPU
		{I9F0C1C5-D3B5-4F6D-8F4A-8E7B4E4F44D8}.Release|Any CPU.Build.0 = Release|Any CPU
		{J0F0C1C5-D3B5-4F6D-8F4A-8E7B4E4F44D9}.Debug|Any CPU.ActiveCfg = Debug|Any CPU
		{J0F0C1C5-D3B5-4F6D-8F4A-8E7B4E4F44D9}.Debug|Any CPU.Build.0 = Debug|Any CPU
		{J0F0C1C5-D3B5-4F6D-8F4A-8E7B4E4F44D9}.Release|Any CPU.ActiveCfg = Release|Any CPU
		{J0F0C1C5-D3B5-4F6D-8F4A-8E7B4E4F44D9}.Release|Any CPU.Build.0 = Release|Any CPU
	EndGlobalSection
	GlobalSection(NestedProjects) = preSolution
		{B2F0C1C5-D3B5-4F6D-8F4A-8E7B4E4F44D1} = {A1E877C3-3C0B-4C15-A5A8-0E34E8ADCB5F}
		{C3F0C1C5-D3B5-4F6D-8F4A-8E7B4E4F44D2} = {A1E877C3-3C0B-4C15-A5A8-0E34E8ADCB5F}
		{D4F0C1C5-D3B5-4F6D-8F4A-8E7B4E4F44D3} = {A1E877C3-3C0B-4C15-A5A8-0E34E8ADCB5F}
		{E5F0C1C5-D3B5-4F6D-8F4A-8E7B4E4F44D4} = {A1E877C3-3C0B-4C15-A5A8-0E34E8ADCB5F}
		{F6F0C1C5-D3B5-4F6D-8F4A-8E7B4E4F44D5} = {A1E877C3-3C0B-4C15-A5A8-0E34E8ADCB5F}
		{G7F0C1C5-D3B5-4F6D-8F4A-8E7B4E4F44D6} = {B1E877C3-3C0B-4C15-A5A8-0E34E8ADCB5F}
		{H8F0C1C5-D3B5-4F6D-8F4A-8E7B4E4F44D7} = {B1E877C3-3C0B-4C15-A5A8-0E34E8ADCB5F}
		{I9F0C1C5-D3B5-4F6D-8F4A-8E7B4E4F44D8} = {B1E877C3-3C0B-4C15-A5A8-0E34E8ADCB5F}
		{J0F0C1C5-D3B5-4F6D-8F4A-8E7B4E4F44D9} = {A1E877C3-3C0B-4C15-A5A8-0E34E8ADCB5F}
	EndGlobalSection
EndGlobal
